
Microsoft Visual Studio Solution File, Format Version 12.00
# Visual Studio Version 16
VisualStudioVersion = 16.0.28729.10
MinimumVisualStudioVersion = 10.0.40219.1
Project("{F184B08F-C81C-45F6-A57F-5ABD9991F28F}") = "api", "api\api.vbproj", "{374D7286-9B8E-4F54-ACF3-96CB7D29C5D1}"
EndProject
Global
	GlobalSection(SolutionConfigurationPlatforms) = preSolution
		Debug|Any CPU = Debug|Any CPU
		Release|Any CPU = Release|Any CPU
	EndGlobalSection
	GlobalSection(ProjectConfigurationPlatforms) = postSolution
		{374D7286-9B8E-4F54-ACF3-96CB7D29C5D1}.Debug|Any CPU.ActiveCfg = Debug|Any CPU
		{374D7286-9B8E-4F54-ACF3-96CB7D29C5D1}.Debug|Any CPU.Build.0 = Debug|Any CPU
		{374D7286-9B8E-4F54-ACF3-96CB7D29C5D1}.Release|Any CPU.ActiveCfg = Release|Any CPU
		{374D7286-9B8E-4F54-ACF3-96CB7D29C5D1}.Release|Any CPU.Build.0 = Release|Any CPU
	EndGlobalSection
	GlobalSection(SolutionProperties) = preSolution
		HideSolutionNode = FALSE
	EndGlobalSection
	GlobalSection(ExtensibilityGlobals) = postSolution
		SolutionGuid = {2F38F891-839D-401F-84B5-75DE8D6BCCD5}
	EndGlobalSection
EndGlobal
